// !$*UTF8*$!
{
	archiveVersion = 1;
	classes = {
	};
	objectVersion = 56;
	objects = {

/* Begin PBXBuildFile section */
		AF48DFDA2BE0B4EA00F80853 /* MainView.swift in Sources */ = {isa = PBXBuildFile; fileRef = AF48DFD92BE0B4EA00F80853 /* MainView.swift */; };
		AF5860852BDCC26500F7FBA9 /* AppDelegate.swift in Sources */ = {isa = PBXBuildFile; fileRef = AF5860842BDCC26500F7FBA9 /* AppDelegate.swift */; };
		AF5860872BDCC26500F7FBA9 /* SceneDelegate.swift in Sources */ = {isa = PBXBuildFile; fileRef = AF5860862BDCC26500F7FBA9 /* SceneDelegate.swift */; };
		AF5860892BDCC26500F7FBA9 /* ViewController.swift in Sources */ = {isa = PBXBuildFile; fileRef = AF5860882BDCC26500F7FBA9 /* ViewController.swift */; };
		AF58608C2BDCC26500F7FBA9 /* Main.storyboard in Resources */ = {isa = PBXBuildFile; fileRef = AF58608A2BDCC26500F7FBA9 /* Main.storyboard */; };
		AF58608E2BDCC26600F7FBA9 /* Assets.xcassets in Resources */ = {isa = PBXBuildFile; fileRef = AF58608D2BDCC26600F7FBA9 /* Assets.xcassets */; };
		AF5860912BDCC26600F7FBA9 /* LaunchScreen.storyboard in Resources */ = {isa = PBXBuildFile; fileRef = AF58608F2BDCC26600F7FBA9 /* LaunchScreen.storyboard */; };
		AF5860992BDCD6A400F7FBA9 /* Accounts.swift in Sources */ = {isa = PBXBuildFile; fileRef = AF5860982BDCD6A400F7FBA9 /* Accounts.swift */; };
		AF58609B2BDCECED00F7FBA9 /* MainViewController.swift in Sources */ = {isa = PBXBuildFile; fileRef = AF58609A2BDCECED00F7FBA9 /* MainViewController.swift */; };
		AF58609E2BDCF0F800F7FBA9 /* LoginView.swift in Sources */ = {isa = PBXBuildFile; fileRef = AF58609D2BDCF0F800F7FBA9 /* LoginView.swift */; };
		AF5860A02BDCF6A400F7FBA9 /* MyKeyBoardViewController.swift in Sources */ = {isa = PBXBuildFile; fileRef = AF58609F2BDCF6A400F7FBA9 /* MyKeyBoardViewController.swift */; };
		AF5860A32BDD003C00F7FBA9 /* KeyBoardView.swift in Sources */ = {isa = PBXBuildFile; fileRef = AF5860A22BDD003C00F7FBA9 /* KeyBoardView.swift */; };
/* End PBXBuildFile section */

/* Begin PBXFileReference section */
		AF48DFD92BE0B4EA00F80853 /* MainView.swift */ = {isa = PBXFileReference; lastKnownFileType = sourcecode.swift; path = MainView.swift; sourceTree = "<group>"; };
		AF5860812BDCC26500F7FBA9 /* Secondary Password.app */ = {isa = PBXFileReference; explicitFileType = wrapper.application; includeInIndex = 0; path = "Secondary Password.app"; sourceTree = BUILT_PRODUCTS_DIR; };
		AF5860842BDCC26500F7FBA9 /* AppDelegate.swift */ = {isa = PBXFileReference; lastKnownFileType = sourcecode.swift; path = AppDelegate.swift; sourceTree = "<group>"; };
		AF5860862BDCC26500F7FBA9 /* SceneDelegate.swift */ = {isa = PBXFileReference; lastKnownFileType = sourcecode.swift; path = SceneDelegate.swift; sourceTree = "<group>"; };
		AF5860882BDCC26500F7FBA9 /* ViewController.swift */ = {isa = PBXFileReference; lastKnownFileType = sourcecode.swift; path = ViewController.swift; sourceTree = "<group>"; };
		AF58608B2BDCC26500F7FBA9 /* Base */ = {isa = PBXFileReference; lastKnownFileType = file.storyboard; name = Base; path = Base.lproj/Main.storyboard; sourceTree = "<group>"; };
		AF58608D2BDCC26600F7FBA9 /* Assets.xcassets */ = {isa = PBXFileReference; lastKnownFileType = folder.assetcatalog; path = Assets.xcassets; sourceTree = "<group>"; };
		AF5860902BDCC26600F7FBA9 /* Base */ = {isa = PBXFileReference; lastKnownFileType = file.storyboard; name = Base; path = Base.lproj/LaunchScreen.storyboard; sourceTree = "<group>"; };
		AF5860922BDCC26600F7FBA9 /* Info.plist */ = {isa = PBXFileReference; lastKnownFileType = text.plist.xml; path = Info.plist; sourceTree = "<group>"; };
		AF5860982BDCD6A400F7FBA9 /* Accounts.swift */ = {isa = PBXFileReference; lastKnownFileType = sourcecode.swift; path = Accounts.swift; sourceTree = "<group>"; };
		AF58609A2BDCECED00F7FBA9 /* MainViewController.swift */ = {isa = PBXFileReference; lastKnownFileType = sourcecode.swift; path = MainViewController.swift; sourceTree = "<group>"; };
		AF58609D2BDCF0F800F7FBA9 /* LoginView.swift */ = {isa = PBXFileReference; lastKnownFileType = sourcecode.swift; path = LoginView.swift; sourceTree = "<group>"; };
		AF58609F2BDCF6A400F7FBA9 /* MyKeyBoardViewController.swift */ = {isa = PBXFileReference; lastKnownFileType = sourcecode.swift; path = MyKeyBoardViewController.swift; sourceTree = "<group>"; };
		AF5860A22BDD003C00F7FBA9 /* KeyBoardView.swift */ = {isa = PBXFileReference; lastKnownFileType = sourcecode.swift; path = KeyBoardView.swift; sourceTree = "<group>"; };
/* End PBXFileReference section */

/* Begin PBXFrameworksBuildPhase section */
		AF58607E2BDCC26500F7FBA9 /* Frameworks */ = {
			isa = PBXFrameworksBuildPhase;
			buildActionMask = 2147483647;
			files = (
			);
			runOnlyForDeploymentPostprocessing = 0;
		};
/* End PBXFrameworksBuildPhase section */

/* Begin PBXGroup section */
		AF48DFD82BE0B4AE00F80853 /* Model */ = {
			isa = PBXGroup;
			children = (
				AF5860982BDCD6A400F7FBA9 /* Accounts.swift */,
			);
			path = Model;
			sourceTree = "<group>";
		};
		AF5860782BDCC26500F7FBA9 = {
			isa = PBXGroup;
			children = (
				AF5860832BDCC26500F7FBA9 /* Secondary Password */,
				AF5860822BDCC26500F7FBA9 /* Products */,
			);
			sourceTree = "<group>";
		};
		AF5860822BDCC26500F7FBA9 /* Products */ = {
			isa = PBXGroup;
			children = (
				AF5860812BDCC26500F7FBA9 /* Secondary Password.app */,
			);
			name = Products;
			sourceTree = "<group>";
		};
		AF5860832BDCC26500F7FBA9 /* Secondary Password */ = {
			isa = PBXGroup;
			children = (
				AF48DFD82BE0B4AE00F80853 /* Model */,
				AF5860A12BDCF6AB00F7FBA9 /* Controller */,
				AF58609C2BDCF0A700F7FBA9 /* View */,
				AF5860842BDCC26500F7FBA9 /* AppDelegate.swift */,
				AF5860862BDCC26500F7FBA9 /* SceneDelegate.swift */,
				AF58608A2BDCC26500F7FBA9 /* Main.storyboard */,
				AF58608D2BDCC26600F7FBA9 /* Assets.xcassets */,
				AF58608F2BDCC26600F7FBA9 /* LaunchScreen.storyboard */,
				AF5860922BDCC26600F7FBA9 /* Info.plist */,
			);
			path = "Secondary Password";
			sourceTree = "<group>";
		};
		AF58609C2BDCF0A700F7FBA9 /* View */ = {
			isa = PBXGroup;
			children = (
				AF58609D2BDCF0F800F7FBA9 /* LoginView.swift */,
				AF5860A22BDD003C00F7FBA9 /* KeyBoardView.swift */,
				AF48DFD92BE0B4EA00F80853 /* MainView.swift */,
			);
			path = View;
			sourceTree = "<group>";
		};
		AF5860A12BDCF6AB00F7FBA9 /* Controller */ = {
			isa = PBXGroup;
			children = (
				AF5860882BDCC26500F7FBA9 /* ViewController.swift */,
				AF58609F2BDCF6A400F7FBA9 /* MyKeyBoardViewController.swift */,
				AF58609A2BDCECED00F7FBA9 /* MainViewController.swift */,
			);
			path = Controller;
			sourceTree = "<group>";
		};
/* End PBXGroup section */

/* Begin PBXNativeTarget section */
		AF5860802BDCC26500F7FBA9 /* Secondary Password */ = {
			isa = PBXNativeTarget;
			buildConfigurationList = AF5860952BDCC26600F7FBA9 /* Build configuration list for PBXNativeTarget "Secondary Password" */;
			buildPhases = (
				AF58607D2BDCC26500F7FBA9 /* Sources */,
				AF58607E2BDCC26500F7FBA9 /* Frameworks */,
				AF58607F2BDCC26500F7FBA9 /* Resources */,
			);
			buildRules = (
			);
			dependencies = (
			);
			name = "Secondary Password";
			productName = "Secondary Password";
			productReference = AF5860812BDCC26500F7FBA9 /* Secondary Password.app */;
			productType = "com.apple.product-type.application";
		};
/* End PBXNativeTarget section */

/* Begin PBXProject section */
		AF5860792BDCC26500F7FBA9 /* Project object */ = {
			isa = PBXProject;
			attributes = {
				BuildIndependentTargetsInParallel = 1;
				LastSwiftUpdateCheck = 1500;
				LastUpgradeCheck = 1500;
				TargetAttributes = {
					AF5860802BDCC26500F7FBA9 = {
						CreatedOnToolsVersion = 15.0.1;
					};
				};
			};
			buildConfigurationList = AF58607C2BDCC26500F7FBA9 /* Build configuration list for PBXProject "Secondary Password" */;
			compatibilityVersion = "Xcode 14.0";
			developmentRegion = en;
			hasScannedForEncodings = 0;
			knownRegions = (
				en,
				Base,
			);
			mainGroup = AF5860782BDCC26500F7FBA9;
			productRefGroup = AF5860822BDCC26500F7FBA9 /* Products */;
			projectDirPath = "";
			projectRoot = "";
			targets = (
				AF5860802BDCC26500F7FBA9 /* Secondary Password */,
			);
		};
/* End PBXProject section */

/* Begin PBXResourcesBuildPhase section */
		AF58607F2BDCC26500F7FBA9 /* Resources */ = {
			isa = PBXResourcesBuildPhase;
			buildActionMask = 2147483647;
			files = (
				AF5860912BDCC26600F7FBA9 /* LaunchScreen.storyboard in Resources */,
				AF58608E2BDCC26600F7FBA9 /* Assets.xcassets in Resources */,
				AF58608C2BDCC26500F7FBA9 /* Main.storyboard in Resources */,
			);
			runOnlyForDeploymentPostprocessing = 0;
		};
/* End PBXResourcesBuildPhase section */

/* Begin PBXSourcesBuildPhase section */
		AF58607D2BDCC26500F7FBA9 /* Sources */ = {
			isa = PBXSourcesBuildPhase;
			buildActionMask = 2147483647;
			files = (
				AF58609E2BDCF0F800F7FBA9 /* LoginView.swift in Sources */,
				AF48DFDA2BE0B4EA00F80853 /* MainView.swift in Sources */,
				AF5860A32BDD003C00F7FBA9 /* KeyBoardView.swift in Sources */,
				AF5860A02BDCF6A400F7FBA9 /* MyKeyBoardViewController.swift in Sources */,
				AF5860892BDCC26500F7FBA9 /* ViewController.swift in Sources */,
				AF5860992BDCD6A400F7FBA9 /* Accounts.swift in Sources */,
				AF5860852BDCC26500F7FBA9 /* AppDelegate.swift in Sources */,
				AF5860872BDCC26500F7FBA9 /* SceneDelegate.swift in Sources */,
				AF58609B2BDCECED00F7FBA9 /* MainViewController.swift in Sources */,
			);
			runOnlyForDeploymentPostprocessing = 0;
		};
/* End PBXSourcesBuildPhase section */

/* Begin PBXVariantGroup section */
		AF58608A2BDCC26500F7FBA9 /* Main.storyboard */ = {
			isa = PBXVariantGroup;
			children = (
				AF58608B2BDCC26500F7FBA9 /* Base */,
			);
			name = Main.storyboard;
			sourceTree = "<group>";
		};
		AF58608F2BDCC26600F7FBA9 /* LaunchScreen.storyboard */ = {
			isa = PBXVariantGroup;
			children = (
				AF5860902BDCC26600F7FBA9 /* Base */,
			);
			name = LaunchScreen.storyboard;
			sourceTree = "<group>";
		};
/* End PBXVariantGroup section */

/* Begin XCBuildConfiguration section */
		AF5860932BDCC26600F7FBA9 /* Debug */ = {
			isa = XCBuildConfiguration;
			buildSettings = {
				ALWAYS_SEARCH_USER_PATHS = NO;
				ASSETCATALOG_COMPILER_GENERATE_SWIFT_ASSET_SYMBOL_EXTENSIONS = YES;
				CLANG_ANALYZER_NONNULL = YES;
				CLANG_ANALYZER_NUMBER_OBJECT_CONVERSION = YES_AGGRESSIVE;
				CLANG_CXX_LANGUAGE_STANDARD = "gnu++20";
				CLANG_ENABLE_MODULES = YES;
				CLANG_ENABLE_OBJC_ARC = YES;
				CLANG_ENABLE_OBJC_WEAK = YES;
				CLANG_WARN_BLOCK_CAPTURE_AUTORELEASING = YES;
				CLANG_WARN_BOOL_CONVERSION = YES;
				CLANG_WARN_COMMA = YES;
				CLANG_WARN_CONSTANT_CONVERSION = YES;
				CLANG_WARN_DEPRECATED_OBJC_IMPLEMENTATIONS = YES;
				CLANG_WARN_DIRECT_OBJC_ISA_USAGE = YES_ERROR;
				CLANG_WARN_DOCUMENTATION_COMMENTS = YES;
				CLANG_WARN_EMPTY_BODY = YES;
				CLANG_WARN_ENUM_CONVERSION = YES;
				CLANG_WARN_INFINITE_RECURSION = YES;
				CLANG_WARN_INT_CONVERSION = YES;
				CLANG_WARN_NON_LITERAL_NULL_CONVERSION = YES;
				CLANG_WARN_OBJC_IMPLICIT_RETAIN_SELF = YES;
				CLANG_WARN_OBJC_LITERAL_CONVERSION = YES;
				CLANG_WARN_OBJC_ROOT_CLASS = YES_ERROR;
				CLANG_WARN_QUOTED_INCLUDE_IN_FRAMEWORK_HEADER = YES;
				CLANG_WARN_RANGE_LOOP_ANALYSIS = YES;
				CLANG_WARN_STRICT_PROTOTYPES = YES;
				CLANG_WARN_SUSPICIOUS_MOVE = YES;
				CLANG_WARN_UNGUARDED_AVAILABILITY = YES_AGGRESSIVE;
				CLANG_WARN_UNREACHABLE_CODE = YES;
				CLANG_WARN__DUPLICATE_METHOD_MATCH = YES;
				COPY_PHASE_STRIP = NO;
				DEBUG_INFORMATION_FORMAT = dwarf;
				ENABLE_STRICT_OBJC_MSGSEND = YES;
				ENABLE_TESTABILITY = YES;
				ENABLE_USER_SCRIPT_SANDBOXING = YES;
				GCC_C_LANGUAGE_STANDARD = gnu17;
				GCC_DYNAMIC_NO_PIC = NO;
				GCC_NO_COMMON_BLOCKS = YES;
				GCC_OPTIMIZATION_LEVEL = 0;
				GCC_PREPROCESSOR_DEFINITIONS = (
					"DEBUG=1",
					"$(inherited)",
				);
				GCC_WARN_64_TO_32_BIT_CONVERSION = YES;
				GCC_WARN_ABOUT_RETURN_TYPE = YES_ERROR;
				GCC_WARN_UNDECLARED_SELECTOR = YES;
				GCC_WARN_UNINITIALIZED_AUTOS = YES_AGGRESSIVE;
				GCC_WARN_UNUSED_FUNCTION = YES;
				GCC_WARN_UNUSED_VARIABLE = YES;
				IPHONEOS_DEPLOYMENT_TARGET = 17.0;
				LOCALIZATION_PREFERS_STRING_CATALOGS = YES;
				MTL_ENABLE_DEBUG_INFO = INCLUDE_SOURCE;
				MTL_FAST_MATH = YES;
				ONLY_ACTIVE_ARCH = YES;
				SDKROOT = iphoneos;
				SWIFT_ACTIVE_COMPILATION_CONDITIONS = "DEBUG $(inherited)";
				SWIFT_OPTIMIZATION_LEVEL = "-Onone";
			};
			name = Debug;
		};
		AF5860942BDCC26600F7FBA9 /* Release */ = {
			isa = XCBuildConfiguration;
			buildSettings = {
				ALWAYS_SEARCH_USER_PATHS = NO;
				ASSETCATALOG_COMPILER_GENERATE_SWIFT_ASSET_SYMBOL_EXTENSIONS = YES;
				CLANG_ANALYZER_NONNULL = YES;
				CLANG_ANALYZER_NUMBER_OBJECT_CONVERSION = YES_AGGRESSIVE;
				CLANG_CXX_LANGUAGE_STANDARD = "gnu++20";
				CLANG_ENABLE_MODULES = YES;
				CLANG_ENABLE_OBJC_ARC = YES;
				CLANG_ENABLE_OBJC_WEAK = YES;
				CLANG_WARN_BLOCK_CAPTURE_AUTORELEASING = YES;
				CLANG_WARN_BOOL_CONVERSION = YES;
				CLANG_WARN_COMMA = YES;
				CLANG_WARN_CONSTANT_CONVERSION = YES;
				CLANG_WARN_DEPRECATED_OBJC_IMPLEMENTATIONS = YES;
				CLANG_WARN_DIRECT_OBJC_ISA_USAGE = YES_ERROR;
				CLANG_WARN_DOCUMENTATION_COMMENTS = YES;
				CLANG_WARN_EMPTY_BODY = YES;
				CLANG_WARN_ENUM_CONVERSION = YES;
				CLANG_WARN_INFINITE_RECURSION = YES;
				CLANG_WARN_INT_CONVERSION = YES;
				CLANG_WARN_NON_LITERAL_NULL_CONVERSION = YES;
				CLANG_WARN_OBJC_IMPLICIT_RETAIN_SELF = YES;
				CLANG_WARN_OBJC_LITERAL_CONVERSION = YES;
				CLANG_WARN_OBJC_ROOT_CLASS = YES_ERROR;
				CLANG_WARN_QUOTED_INCLUDE_IN_FRAMEWORK_HEADER = YES;
				CLANG_WARN_RANGE_LOOP_ANALYSIS = YES;
				CLANG_WARN_STRICT_PROTOTYPES = YES;
				CLANG_WARN_SUSPICIOUS_MOVE = YES;
				CLANG_WARN_UNGUARDED_AVAILABILITY = YES_AGGRESSIVE;
				CLANG_WARN_UNREACHABLE_CODE = YES;
				CLANG_WARN__DUPLICATE_METHOD_MATCH = YES;
				COPY_PHASE_STRIP = NO;
				DEBUG_INFORMATION_FORMAT = "dwarf-with-dsym";
				ENABLE_NS_ASSERTIONS = NO;
				ENABLE_STRICT_OBJC_MSGSEND = YES;
				ENABLE_USER_SCRIPT_SANDBOXING = YES;
				GCC_C_LANGUAGE_STANDARD = gnu17;
				GCC_NO_COMMON_BLOCKS = YES;
				GCC_WARN_64_TO_32_BIT_CONVERSION = YES;
				GCC_WARN_ABOUT_RETURN_TYPE = YES_ERROR;
				GCC_WARN_UNDECLARED_SELECTOR = YES;
				GCC_WARN_UNINITIALIZED_AUTOS = YES_AGGRESSIVE;
				GCC_WARN_UNUSED_FUNCTION = YES;
				GCC_WARN_UNUSED_VARIABLE = YES;
				IPHONEOS_DEPLOYMENT_TARGET = 17.0;
				LOCALIZATION_PREFERS_STRING_CATALOGS = YES;
				MTL_ENABLE_DEBUG_INFO = NO;
				MTL_FAST_MATH = YES;
				SDKROOT = iphoneos;
				SWIFT_COMPILATION_MODE = wholemodule;
				VALIDATE_PRODUCT = YES;
			};
			name = Release;
		};
		AF5860962BDCC26600F7FBA9 /* Debug */ = {
			isa = XCBuildConfiguration;
			buildSettings = {
				ASSETCATALOG_COMPILER_APPICON_NAME = AppIcon;
				ASSETCATALOG_COMPILER_GLOBAL_ACCENT_COLOR_NAME = AccentColor;
				CODE_SIGN_STYLE = Automatic;
				CURRENT_PROJECT_VERSION = 1;
				GENERATE_INFOPLIST_FILE = YES;
				INFOPLIST_FILE = "Secondary Password/Info.plist";
				INFOPLIST_KEY_UIApplicationSupportsIndirectInputEvents = YES;
				INFOPLIST_KEY_UILaunchStoryboardName = LaunchScreen;
				INFOPLIST_KEY_UIMainStoryboardFile = Main;
				INFOPLIST_KEY_UISupportedInterfaceOrientations_iPad = "UIInterfaceOrientationPortrait UIInterfaceOrientationPortraitUpsideDown UIInterfaceOrientationLandscapeLeft UIInterfaceOrientationLandscapeRight";
				INFOPLIST_KEY_UISupportedInterfaceOrientations_iPhone = "UIInterfaceOrientationPortrait UIInterfaceOrientationLandscapeLeft UIInterfaceOrientationLandscapeRight";
				LD_RUNPATH_SEARCH_PATHS = (
					"$(inherited)",
					"@executable_path/Frameworks",
				);
				MARKETING_VERSION = 1.0;
				PRODUCT_BUNDLE_IDENTIFIER = "dahyun.Secondary-Password";
				PRODUCT_NAME = "$(TARGET_NAME)";
				SWIFT_EMIT_LOC_STRINGS = YES;
				SWIFT_VERSION = 5.0;
				TARGETED_DEVICE_FAMILY = "1,2";
			};
			name = Debug;
		};
		AF5860972BDCC26600F7FBA9 /* Release */ = {
			isa = XCBuildConfiguration;
			buildSettings = {
				ASSETCATALOG_COMPILER_APPICON_NAME = AppIcon;
				ASSETCATALOG_COMPILER_GLOBAL_ACCENT_COLOR_NAME = AccentColor;
				CODE_SIGN_STYLE = Automatic;
				CURRENT_PROJECT_VERSION = 1;
				GENERATE_INFOPLIST_FILE = YES;
				INFOPLIST_FILE = "Secondary Password/Info.plist";
				INFOPLIST_KEY_UIApplicationSupportsIndirectInputEvents = YES;
				INFOPLIST_KEY_UILaunchStoryboardName = LaunchScreen;
				INFOPLIST_KEY_UIMainStoryboardFile = Main;
				INFOPLIST_KEY_UISupportedInterfaceOrientations_iPad = "UIInterfaceOrientationPortrait UIInterfaceOrientationPortraitUpsideDown UIInterfaceOrientationLandscapeLeft UIInterfaceOrientationLandscapeRight";
				INFOPLIST_KEY_UISupportedInterfaceOrientations_iPhone = "UIInterfaceOrientationPortrait UIInterfaceOrientationLandscapeLeft UIInterfaceOrientationLandscapeRight";
				LD_RUNPATH_SEARCH_PATHS = (
					"$(inherited)",
					"@executable_path/Frameworks",
				);
				MARKETING_VERSION = 1.0;
				PRODUCT_BUNDLE_IDENTIFIER = "dahyun.Secondary-Password";
				PRODUCT_NAME = "$(TARGET_NAME)";
				SWIFT_EMIT_LOC_STRINGS = YES;
				SWIFT_VERSION = 5.0;
				TARGETED_DEVICE_FAMILY = "1,2";
			};
			name = Release;
		};
/* End XCBuildConfiguration section */

/* Begin XCConfigurationList section */
		AF58607C2BDCC26500F7FBA9 /* Build configuration list for PBXProject "Secondary Password" */ = {
			isa = XCConfigurationList;
			buildConfigurations = (
				AF5860932BDCC26600F7FBA9 /* Debug */,
				AF5860942BDCC26600F7FBA9 /* Release */,
			);
			defaultConfigurationIsVisible = 0;
			defaultConfigurationName = Release;
		};
		AF5860952BDCC26600F7FBA9 /* Build configuration list for PBXNativeTarget "Secondary Password" */ = {
			isa = XCConfigurationList;
			buildConfigurations = (
				AF5860962BDCC26600F7FBA9 /* Debug */,
				AF5860972BDCC26600F7FBA9 /* Release */,
			);
			defaultConfigurationIsVisible = 0;
			defaultConfigurationName = Release;
		};
/* End XCConfigurationList section */
	};
	rootObject = AF5860792BDCC26500F7FBA9 /* Project object */;
}
